<?xml version="1.0" encoding="utf-8"?>
<Project ToolsVersion="4.0" xmlns="http://schemas.microsoft.com/developer/msbuild/2003">
  <ItemGroup>
    <Filter Include="Host"><UniqueIdentifier>{4a823118-b9ba-8baa-2f47-489c0716f527}</UniqueIdentifier></Filter>
    <Filter Include="Host\include"><UniqueIdentifier>{2cd7888d-e5ad-42d5-bf41-896687579fcb}</UniqueIdentifier></Filter>
    <Filter Include="Host\include\module"><UniqueIdentifier>{97134e4f-c972-4c26-a0a3-3a058ef616f5}</UniqueIdentifier></Filter>
    <Filter Include="Host\include\module\types"><UniqueIdentifier>{65b24ad9-a28c-549d-2fc2-826d704ca740}</UniqueIdentifier></Filter>
    <Filter Include="Host\include\runtime"><UniqueIdentifier>{8e82bcc9-2ad3-b13e-473a-b78052ba8354}</UniqueIdentifier></Filter>
    <Filter Include="Host\include\system"><UniqueIdentifier>{75dcd30d-d12b-27a1-9c19-2977d62b3577}</UniqueIdentifier></Filter>
    <Filter Include="Host\src"><UniqueIdentifier>{16671863-2769-4aae-a3a8-9ea9b15f5e67}</UniqueIdentifier></Filter>
    <Filter Include="Host\src\entry"><UniqueIdentifier>{46949e7d-f13b-94e8-1104-a62df2ef60b4}</UniqueIdentifier></Filter>
    <Filter Include="Host\src\module"><UniqueIdentifier>{ae9c6f67-ffe1-4603-a444-df10de27690d}</UniqueIdentifier></Filter>
    <Filter Include="Host\src\module\types"><UniqueIdentifier>{ee34383d-a37f-b0a8-cba0-d09cb066dd8c}</UniqueIdentifier></Filter>
    <Filter Include="Host\src\runtime"><UniqueIdentifier>{3e9a656f-34cb-dfed-bcab-7ad8ba4b9a72}</UniqueIdentifier></Filter>
    <Filter Include="Host\src\system"><UniqueIdentifier>{c191b9c4-2263-1c55-f7ba-7fc3034e22cb}</UniqueIdentifier></Filter>
    <Filter Include="TestData"><UniqueIdentifier>{57bf483a-c3e0-265f-ce3b-9c55911f9092}</UniqueIdentifier></Filter>
    <Filter Include="TestData\input"><UniqueIdentifier>{37c259ba-8f0e-9226-44e5-06738d5db527}</UniqueIdentifier></Filter>
    <Filter Include="TestData\input\files"><UniqueIdentifier>{deca212c-d1b7-e6c9-469e-05dc744d7170}</UniqueIdentifier></Filter>
    <Filter Include="TestData\output"><UniqueIdentifier>{04228b5f-ad7d-fb9a-dd04-2e5d7730f096}</UniqueIdentifier></Filter>
    <Filter Include="TestData\output\files"><UniqueIdentifier>{73a6fb72-efef-392c-cb51-c2279ac65c87}</UniqueIdentifier></Filter>
    <Filter Include="TestData\output\logs"><UniqueIdentifier>{e047485a-ae84-44ec-8e56-4604874c7c6f}</UniqueIdentifier></Filter>
  </ItemGroup>
  <ItemGroup>
    <ClInclude Include="host\module\types\erased_owner_payloads.def"><Filter>Host\include\module\types</Filter></ClInclude>
    <ClInclude Include="host\module\types\local_type_ids.def"><Filter>Host\include\module\types</Filter></ClInclude>
    <ClInclude Include="host\module\types\local_type_ids.hpp"><Filter>Host\include\module\types</Filter></ClInclude>
    <ClInclude Include="host\module\types\local_types.hpp"><Filter>Host\include\module\types</Filter></ClInclude>
    <ClInclude Include="host\runtime\host_worker_thread.hpp"><Filter>Host\include\runtime</Filter></ClInclude>
    <ClInclude Include="host\runtime\host.hpp"><Filter>Host\include\runtime</Filter></ClInclude>
    <ClInclude Include="host\runtime\asset_service.hpp"><Filter>Host\include\runtime</Filter></ClInclude>
    <ClInclude Include="host\system\host_context.hpp"><Filter>Host\include\system</Filter></ClInclude>
    <ClInclude Include="host\system\system_id_definitions.hpp"><Filter>Host\include\system</Filter></ClInclude>
  </ItemGroup>
  <ItemGroup>
    <ClCompile Include="host\entry\MorphicEngine.cpp"><Filter>Host\src\entry</Filter></ClCompile>
    <ClCompile Include="host\module\types\local_type_ids.cpp"><Filter>Host\src\module\types</Filter></ClCompile>
    <ClCompile Include="host\runtime\host_worker_thread.cpp"><Filter>Host\src\runtime</Filter></ClCompile>
    <ClCompile Include="host\runtime\host.cpp"><Filter>Host\src\runtime</Filter></ClCompile>
    <ClCompile Include="host\runtime\asset_service.cpp"><Filter>Host\src\runtime</Filter></ClCompile>
    <ClCompile Include="host\system\host_context.cpp"><Filter>Host\src\system</Filter></ClCompile>
    <ClCompile Include="host\system\system_id_definitions.cpp"><Filter>Host\src\system</Filter></ClCompile>
  </ItemGroup>
  <ItemGroup>
    <None Include="test_data\input\files\test_input.tga"><Filter>TestData\input\files</Filter></None>
    <None Include="test_data\output\files\test_output.tga"><Filter>TestData\output\files</Filter></None>
    <None Include="test_data\output\logs\.gitkeep"><Filter>TestData\output\logs</Filter></None>
  </ItemGroup>
</Project>
