<?xml version="1.0" encoding="utf-8"?>
<Project ToolsVersion="4.0" xmlns="http://schemas.microsoft.com/developer/msbuild/2003">
  <ItemGroup>
    <Filter Include="Core">
      <UniqueIdentifier>{70ea1983-c983-deac-c1b6-1805aea3d436}</UniqueIdentifier>
    </Filter>
    <Filter Include="Core\include">
      <UniqueIdentifier>{1aa455e9-f1ee-40a0-a725-181d0a3228e8}</UniqueIdentifier>
    </Filter>
    <Filter Include="Core\include\algo">
      <UniqueIdentifier>{1b739e0d-5a58-85a1-332e-5a647cd74fba}</UniqueIdentifier>
    </Filter>
    <Filter Include="Core\include\assets">
      <UniqueIdentifier>{9b4a4a17-f204-e49d-bdbc-a4e486a671b0}</UniqueIdentifier>
    </Filter>
    <Filter Include="Core\include\bit_utils">
      <UniqueIdentifier>{4e11bf0b-6435-133b-9368-e2f3247a5d59}</UniqueIdentifier>
    </Filter>
    <Filter Include="Core\include\containers">
      <UniqueIdentifier>{3fbacb47-55cf-2961-509a-a5637009cc94}</UniqueIdentifier>
    </Filter>
    <Filter Include="Core\include\containers\slots">
      <UniqueIdentifier>{ed689644-ed46-0d45-476d-81d715ad6fb0}</UniqueIdentifier>
    </Filter>
    <Filter Include="Core\include\debug">
      <UniqueIdentifier>{d581e920-1518-fd05-9ce8-a1c03b2524c9}</UniqueIdentifier>
    </Filter>
    <Filter Include="Core\include\image">
      <UniqueIdentifier>{e8403f33-fab0-43d8-9d8b-229dc8d7a917}</UniqueIdentifier>
    </Filter>
    <Filter Include="Core\include\image\codec">
      <UniqueIdentifier>{74aa4b25-a0b2-f444-aedb-bfb59e02b083}</UniqueIdentifier>
    </Filter>
    <Filter Include="Core\include\memory">
      <UniqueIdentifier>{41167c5c-9705-9596-1421-8c795605816f}</UniqueIdentifier>
    </Filter>
    <Filter Include="Core\include\module">
      <UniqueIdentifier>{0be6dcf9-31d1-cef2-6bc7-c39de9edcd61}</UniqueIdentifier>
    </Filter>
    <Filter Include="Core\include\platform">
      <UniqueIdentifier>{f36afd28-cc18-3d90-903f-ef51ba3dd4e4}</UniqueIdentifier>
    </Filter>
    <Filter Include="Core\include\platform\filesystem">
      <UniqueIdentifier>{a2520f46-eca1-66f4-2c18-4d13fc0a7822}</UniqueIdentifier>
    </Filter>
    <Filter Include="Core\include\platform\filesystem\internal">
      <UniqueIdentifier>{3cafd774-3925-f303-a9e6-de855c80d143}</UniqueIdentifier>
    </Filter>
    <Filter Include="Core\include\platform\module">
      <UniqueIdentifier>{d8409034-a9f1-e077-1480-8b92923ce358}</UniqueIdentifier>
    </Filter>
    <Filter Include="Core\include\platform\path">
      <UniqueIdentifier>{4f7bbc84-f126-c2fc-0cec-9a01c82bde9a}</UniqueIdentifier>
    </Filter>
    <Filter Include="Core\include\platform\system">
      <UniqueIdentifier>{177aa22b-8df8-eea0-2534-9d9875ffaf6c}</UniqueIdentifier>
    </Filter>
    <Filter Include="Core\include\platform\threading">
      <UniqueIdentifier>{1e933135-4d4a-62a4-20e2-dfb904ac4d90}</UniqueIdentifier>
    </Filter>
    <Filter Include="Core\include\system">
      <UniqueIdentifier>{49fcf4fe-c368-53e1-74e2-e8413def862a}</UniqueIdentifier>
    </Filter>
    <Filter Include="Core\include\threading">
      <UniqueIdentifier>{59a2094b-18c2-1566-ca58-7165bd1dd062}</UniqueIdentifier>
    </Filter>
    <Filter Include="Core\include\threading\messages">
      <UniqueIdentifier>{37289a1a-f4ee-ee95-02c0-8e6e31dca248}</UniqueIdentifier>
    </Filter>
    <Filter Include="Core\include\threading\transports">
      <UniqueIdentifier>{b67d7b99-c024-af0b-b5a9-30bff759d272}</UniqueIdentifier>
    </Filter>
    <Filter Include="Core\include\text">
      <UniqueIdentifier>{2f4e5aa1-63b5-4174-b5f1-15d82d70a6d2}</UniqueIdentifier>
    </Filter>
    <Filter Include="Core\include\types">
      <UniqueIdentifier>{8cc4803c-c149-c117-2381-902d8f8db5b6}</UniqueIdentifier>
    </Filter>
    <Filter Include="Core\src">
      <UniqueIdentifier>{07f791e4-bcbb-46aa-b229-8f303450a089}</UniqueIdentifier>
    </Filter>
    <Filter Include="Core\src\debug">
      <UniqueIdentifier>{f7add353-7037-1907-3fe9-78cda87ff7e6}</UniqueIdentifier>
    </Filter>
    <Filter Include="Core\src\image">
      <UniqueIdentifier>{820fbd0f-1f89-4472-b601-bb355730b034}</UniqueIdentifier>
    </Filter>
    <Filter Include="Core\src\image\codec">
      <UniqueIdentifier>{74604472-1dff-d667-61e0-274514f57ec6}</UniqueIdentifier>
    </Filter>
    <Filter Include="Core\src\memory">
      <UniqueIdentifier>{3a8612a4-a0fc-58d5-128d-92bd50baf1e2}</UniqueIdentifier>
    </Filter>
    <Filter Include="Core\src\module">
      <UniqueIdentifier>{978ddc24-0325-e5df-db14-fc29d29fbb3e}</UniqueIdentifier>
    </Filter>
    <Filter Include="Core\src\platform">
      <UniqueIdentifier>{07ec3fcc-b873-45df-b6c6-6bf930b2d8f6}</UniqueIdentifier>
    </Filter>
    <Filter Include="Core\src\platform\filesystem">
      <UniqueIdentifier>{73873f20-1b20-1198-f232-6db327086136}</UniqueIdentifier>
    </Filter>
    <Filter Include="Core\src\platform\filesystem\internal">
      <UniqueIdentifier>{533a2d6f-7a8a-12f7-b7c2-27dc97247c79}</UniqueIdentifier>
    </Filter>
    <Filter Include="Core\src\platform\module">
      <UniqueIdentifier>{c1676cf2-5d6d-c7e2-ccb6-a45184800c78}</UniqueIdentifier>
    </Filter>
    <Filter Include="Core\src\platform\path">
      <UniqueIdentifier>{5102cf33-3a72-760e-7771-b095d29e8a30}</UniqueIdentifier>
    </Filter>
    <Filter Include="Core\src\platform\system">
      <UniqueIdentifier>{12c7c04e-d120-22ef-b8ab-e01ea41e21d2}</UniqueIdentifier>
    </Filter>
    <Filter Include="Core\src\platform\threading">
      <UniqueIdentifier>{dfd48378-0088-07e9-ca0e-dc3d3d314f7d}</UniqueIdentifier>
    </Filter>
    <Filter Include="Core\src\system">
      <UniqueIdentifier>{3c6ddc2f-3cd8-ed4a-fe58-d5a01a96f631}</UniqueIdentifier>
    </Filter>
    <Filter Include="Core\src\threading">
      <UniqueIdentifier>{f336948a-e801-c87f-30e5-0d0fc0c28c86}</UniqueIdentifier>
    </Filter>
    <Filter Include="Core\src\threading\messages">
      <UniqueIdentifier>{8c826f53-8c4a-a693-8cd9-35d80dc72616}</UniqueIdentifier>
    </Filter>
    <Filter Include="Core\src\text">
      <UniqueIdentifier>{b917c6a3-8f23-48f9-9a1c-6c2e3a3c90e1}</UniqueIdentifier>
    </Filter>
    <Filter Include="Core\src\types">
      <UniqueIdentifier>{2756db4c-76c3-a2b1-589d-bd9132fd932c}</UniqueIdentifier>
    </Filter>
    <Filter Include="Docs">
      <UniqueIdentifier>{7af023c4-3013-b9a5-3fbf-f7dd4b582158}</UniqueIdentifier>
    </Filter>
    <Filter Include="Docs\architecture">
      <UniqueIdentifier>{a1440ed4-93de-4c9e-bc15-49167e863fa8}</UniqueIdentifier>
    </Filter>
    <Filter Include="Docs\backlog">
      <UniqueIdentifier>{acb9d1d1-fcda-ef05-9aeb-a066f8537d31}</UniqueIdentifier>
    </Filter>
    <Filter Include="Docs\containers">
      <UniqueIdentifier>{126aea5e-4235-1656-c710-b9dd2f447707}</UniqueIdentifier>
    </Filter>
    <Filter Include="Docs\containers\slots">
      <UniqueIdentifier>{c001f1cb-f352-af39-2d43-2d28a9bc93ce}</UniqueIdentifier>
    </Filter>
    <Filter Include="Docs\debug">
      <UniqueIdentifier>{5e343b5f-3444-9b99-d58e-bffdc569b4d1}</UniqueIdentifier>
    </Filter>
    <Filter Include="Docs\memory">
      <UniqueIdentifier>{7f89650b-1985-e5b3-5eb0-1c91ff06ef89}</UniqueIdentifier>
    </Filter>
    <Filter Include="Docs\project">
      <UniqueIdentifier>{04696bbf-1b73-f05a-efc7-676ab4a64635}</UniqueIdentifier>
    </Filter>
    <Filter Include="Docs\system">
      <UniqueIdentifier>{001baeaa-14dd-c7ea-b743-3f1bf233ca14}</UniqueIdentifier>
    </Filter>
    <Filter Include="Docs\threading">
      <UniqueIdentifier>{9ae8026c-8d44-6456-de6c-910ba48df268}</UniqueIdentifier>
    </Filter>
    <Filter Include="Docs\threading\transports">
      <UniqueIdentifier>{aac8b5ee-83d3-bdd2-a853-bab152e2265f}</UniqueIdentifier>
    </Filter>
    <Filter Include="Logs">
      <UniqueIdentifier>{a17a171a-1de9-cf11-1420-e3c7e7a5f866}</UniqueIdentifier>
    </Filter>
  </ItemGroup>
  <ItemGroup>
    <ClInclude Include="$(MSBuildThisFileDirectory)core\algo\validate_permutations.hpp">
      <Filter>Core\include\algo</Filter>
    </ClInclude>
    <ClInclude Include="$(MSBuildThisFileDirectory)core\assets\asset_repository.hpp">
      <Filter>Core\include\assets</Filter>
    </ClInclude>
    <ClInclude Include="$(MSBuildThisFileDirectory)core\bit_utils\bit_ops.hpp">
      <Filter>Core\include\bit_utils</Filter>
    </ClInclude>
    <ClInclude Include="$(MSBuildThisFileDirectory)core\bit_utils\bit_utils.hpp">
      <Filter>Core\include\bit_utils</Filter>
    </ClInclude>
    <ClInclude Include="$(MSBuildThisFileDirectory)core\bit_utils\spatial_codes.hpp">
      <Filter>Core\include\bit_utils</Filter>
    </ClInclude>
    <ClInclude Include="$(MSBuildThisFileDirectory)core\bit_utils\TBitField.hpp">
      <Filter>Core\include\bit_utils</Filter>
    </ClInclude>
    <ClInclude Include="$(MSBuildThisFileDirectory)core\containers\ByteBuffers.hpp">
      <Filter>Core\include\containers</Filter>
    </ClInclude>
    <ClInclude Include="$(MSBuildThisFileDirectory)core\containers\containers.hpp">
      <Filter>Core\include\containers</Filter>
    </ClInclude>
    <ClInclude Include="$(MSBuildThisFileDirectory)core\containers\slots\SlotsRankMap.hpp">
      <Filter>Core\include\containers\slots</Filter>
    </ClInclude>
    <ClInclude Include="$(MSBuildThisFileDirectory)core\containers\slots\TOrderedSlots.hpp">
      <Filter>Core\include\containers\slots</Filter>
    </ClInclude>
    <ClInclude Include="$(MSBuildThisFileDirectory)core\containers\slots\TUnorderedSlots.hpp">
      <Filter>Core\include\containers\slots</Filter>
    </ClInclude>
    <ClInclude Include="$(MSBuildThisFileDirectory)core\containers\StringBuffers.hpp">
      <Filter>Core\include\containers</Filter>
    </ClInclude>
    <ClInclude Include="$(MSBuildThisFileDirectory)core\containers\TInstance.hpp">
      <Filter>Core\include\containers</Filter>
    </ClInclude>
    <ClInclude Include="$(MSBuildThisFileDirectory)core\containers\TOrderedCollection.hpp">
      <Filter>Core\include\containers</Filter>
    </ClInclude>
    <ClInclude Include="$(MSBuildThisFileDirectory)core\containers\TPodFifo.hpp">
      <Filter>Core\include\containers</Filter>
    </ClInclude>
    <ClInclude Include="$(MSBuildThisFileDirectory)core\containers\TPodOrderedSlots.hpp">
      <Filter>Core\include\containers</Filter>
    </ClInclude>
    <ClInclude Include="$(MSBuildThisFileDirectory)core\containers\TPodUnorderedSlots.hpp">
      <Filter>Core\include\containers</Filter>
    </ClInclude>
    <ClInclude Include="$(MSBuildThisFileDirectory)core\containers\TPodVector.hpp">
      <Filter>Core\include\containers</Filter>
    </ClInclude>
    <ClInclude Include="$(MSBuildThisFileDirectory)core\containers\TUnorderedCollection.hpp">
      <Filter>Core\include\containers</Filter>
    </ClInclude>
    <ClInclude Include="$(MSBuildThisFileDirectory)core\debug\event_arguments.hpp">
      <Filter>Core\include\debug</Filter>
    </ClInclude>
    <ClInclude Include="$(MSBuildThisFileDirectory)core\debug\log_path.hpp">
      <Filter>Core\include\debug</Filter>
    </ClInclude>
    <ClInclude Include="$(MSBuildThisFileDirectory)core\debug\macros.hpp">
      <Filter>Core\include\debug</Filter>
    </ClInclude>
    <ClInclude Include="$(MSBuildThisFileDirectory)core\debug\service.hpp">
      <Filter>Core\include\debug</Filter>
    </ClInclude>
    <ClInclude Include="$(MSBuildThisFileDirectory)core\image\codec\tga.hpp">
      <Filter>Core\include\image\codec</Filter>
    </ClInclude>
    <ClInclude Include="$(MSBuildThisFileDirectory)core\memory\memory_context.hpp">
      <Filter>Core\include\memory</Filter>
    </ClInclude>
    <ClInclude Include="$(MSBuildThisFileDirectory)core\memory\memory_policies.hpp">
      <Filter>Core\include\memory</Filter>
    </ClInclude>
    <ClInclude Include="$(MSBuildThisFileDirectory)core\memory\memory_token.hpp">
      <Filter>Core\include\memory</Filter>
    </ClInclude>
    <ClInclude Include="$(MSBuildThisFileDirectory)core\memory\memory_view.hpp">
      <Filter>Core\include\memory</Filter>
    </ClInclude>
    <ClInclude Include="$(MSBuildThisFileDirectory)core\module\bound_module.hpp">
      <Filter>Core\include\module</Filter>
    </ClInclude>
    <ClInclude Include="$(MSBuildThisFileDirectory)core\module\module_binding_context.hpp">
      <Filter>Core\include\module</Filter>
    </ClInclude>
    <ClInclude Include="$(MSBuildThisFileDirectory)core\module\module_binding.hpp">
      <Filter>Core\include\module</Filter>
    </ClInclude>
    <ClInclude Include="$(MSBuildThisFileDirectory)core\platform\filesystem\file.hpp">
      <Filter>Core\include\platform\filesystem</Filter>
    </ClInclude>
    <ClInclude Include="$(MSBuildThisFileDirectory)core\platform\filesystem\internal\file_utils.hpp">
      <Filter>Core\include\platform\filesystem\internal</Filter>
    </ClInclude>
    <ClInclude Include="$(MSBuildThisFileDirectory)core\platform\filesystem\log.hpp">
      <Filter>Core\include\platform\filesystem</Filter>
    </ClInclude>
    <ClInclude Include="$(MSBuildThisFileDirectory)core\platform\module\binding.hpp">
      <Filter>Core\include\platform\module</Filter>
    </ClInclude>
    <ClInclude Include="$(MSBuildThisFileDirectory)core\platform\path\native_path.hpp">
      <Filter>Core\include\platform\path</Filter>
    </ClInclude>
    <ClInclude Include="$(MSBuildThisFileDirectory)core\platform\platform_defines.hpp">
      <Filter>Core\include\platform</Filter>
    </ClInclude>
    <ClInclude Include="$(MSBuildThisFileDirectory)core\platform\system\debugger.hpp">
      <Filter>Core\include\platform\system</Filter>
    </ClInclude>
    <ClInclude Include="$(MSBuildThisFileDirectory)core\platform\system\performance_counter.hpp">
      <Filter>Core\include\platform\system</Filter>
    </ClInclude>
    <ClInclude Include="$(MSBuildThisFileDirectory)core\platform\system\process_priority.hpp">
      <Filter>Core\include\platform\system</Filter>
    </ClInclude>
    <ClInclude Include="$(MSBuildThisFileDirectory)core\platform\system\process_id.hpp">
      <Filter>Core\include\platform\system</Filter>
    </ClInclude>
    <ClInclude Include="$(MSBuildThisFileDirectory)core\platform\threading\exclusive_lock.hpp">
      <Filter>Core\include\platform\threading</Filter>
    </ClInclude>
    <ClInclude Include="$(MSBuildThisFileDirectory)core\platform\threading\hw_thread_count.hpp">
      <Filter>Core\include\platform\threading</Filter>
    </ClInclude>
    <ClInclude Include="$(MSBuildThisFileDirectory)core\platform\threading\native_thread_id.hpp">
      <Filter>Core\include\platform\threading</Filter>
    </ClInclude>
    <ClInclude Include="$(MSBuildThisFileDirectory)core\platform\threading\platform_threading.hpp">
      <Filter>Core\include\platform\threading</Filter>
    </ClInclude>
    <ClInclude Include="$(MSBuildThisFileDirectory)core\platform\threading\processor_relax.hpp">
      <Filter>Core\include\platform\threading</Filter>
    </ClInclude>
    <ClInclude Include="$(MSBuildThisFileDirectory)core\platform\threading\thread_lifetime.hpp">
      <Filter>Core\include\platform\threading</Filter>
    </ClInclude>
    <ClInclude Include="$(MSBuildThisFileDirectory)core\platform\threading\thread_naming.hpp">
      <Filter>Core\include\platform\threading</Filter>
    </ClInclude>
    <ClInclude Include="$(MSBuildThisFileDirectory)core\platform\threading\thread_priority.hpp">
      <Filter>Core\include\platform\threading</Filter>
    </ClInclude>
    <ClInclude Include="$(MSBuildThisFileDirectory)core\platform\threading\wait_word_semaphore.hpp">
      <Filter>Core\include\platform\threading</Filter>
    </ClInclude>
    <ClInclude Include="$(MSBuildThisFileDirectory)core\platform\threading\wait_word.hpp">
      <Filter>Core\include\platform\threading</Filter>
    </ClInclude>
    <ClInclude Include="$(MSBuildThisFileDirectory)core\platform\windows_include.hpp">
      <Filter>Core\include\platform</Filter>
    </ClInclude>
    <ClInclude Include="$(MSBuildThisFileDirectory)core\system\async_state.hpp">
      <Filter>Core\include\system</Filter>
    </ClInclude>
    <ClInclude Include="$(MSBuildThisFileDirectory)core\system\erased_owner_operations.hpp">
      <Filter>Core\include\system</Filter>
    </ClInclude>
    <ClInclude Include="$(MSBuildThisFileDirectory)core\system\erased_owner_registration.hpp">
      <Filter>Core\include\system</Filter>
    </ClInclude>
    <ClInclude Include="$(MSBuildThisFileDirectory)core\system\erased_owner_transport.hpp">
      <Filter>Core\include\system</Filter>
    </ClInclude>
    <ClInclude Include="$(MSBuildThisFileDirectory)core\system\erased_owner.hpp">
      <Filter>Core\include\system</Filter>
    </ClInclude>
    <ClInclude Include="$(MSBuildThisFileDirectory)core\system\erased_pod.hpp">
      <Filter>Core\include\system</Filter>
    </ClInclude>
    <ClInclude Include="$(MSBuildThisFileDirectory)core\system\erased_transport_admission.hpp">
      <Filter>Core\include\system</Filter>
    </ClInclude>
    <ClInclude Include="$(MSBuildThisFileDirectory)core\system\local_type_registration.hpp">
      <Filter>Core\include\system</Filter>
    </ClInclude>
    <ClInclude Include="$(MSBuildThisFileDirectory)core\system\local_type_ids.cpp.inl">
      <Filter>Core\include\system</Filter>
    </ClInclude>
    <ClInclude Include="$(MSBuildThisFileDirectory)core\system\local_type_ids.hpp.inl">
      <Filter>Core\include\system</Filter>
    </ClInclude>
    <ClInclude Include="$(MSBuildThisFileDirectory)core\system\local_type_registry.hpp">
      <Filter>Core\include\system</Filter>
    </ClInclude>
    <ClInclude Include="$(MSBuildThisFileDirectory)core\system\runtime_ids.def">
      <Filter>Core\include\system</Filter>
    </ClInclude>
    <ClInclude Include="$(MSBuildThisFileDirectory)core\system\system_context.hpp">
      <Filter>Core\include\system</Filter>
    </ClInclude>
    <ClInclude Include="$(MSBuildThisFileDirectory)core\system\system_erased_owner_payloads.def">
      <Filter>Core\include\system</Filter>
    </ClInclude>
    <ClInclude Include="$(MSBuildThisFileDirectory)core\system\system_id_registry.hpp">
      <Filter>Core\include\system</Filter>
    </ClInclude>
    <ClInclude Include="$(MSBuildThisFileDirectory)core\system\system_ids.hpp">
      <Filter>Core\include\system</Filter>
    </ClInclude>
    <ClInclude Include="$(MSBuildThisFileDirectory)core\system\system_type_ids.def">
      <Filter>Core\include\system</Filter>
    </ClInclude>
    <ClInclude Include="$(MSBuildThisFileDirectory)core\system\system_type_registration.hpp">
      <Filter>Core\include\system</Filter>
    </ClInclude>
    <ClInclude Include="$(MSBuildThisFileDirectory)core\system\thread_ids.def">
      <Filter>Core\include\system</Filter>
    </ClInclude>
    <ClInclude Include="$(MSBuildThisFileDirectory)core\system\transported_types.hpp">
      <Filter>Core\include\system</Filter>
    </ClInclude>
    <ClInclude Include="$(MSBuildThisFileDirectory)core\system\TStaticLookup.hpp">
      <Filter>Core\include\system</Filter>
    </ClInclude>
    <ClInclude Include="$(MSBuildThisFileDirectory)core\system\type_id_binding_category.hpp">
      <Filter>Core\include\system</Filter>
    </ClInclude>
    <ClInclude Include="$(MSBuildThisFileDirectory)core\system\type_registration.hpp">
      <Filter>Core\include\system</Filter>
    </ClInclude>
    <ClInclude Include="$(MSBuildThisFileDirectory)core\threading\CCountingSemaphore.hpp">
      <Filter>Core\include\threading</Filter>
    </ClInclude>
    <ClInclude Include="$(MSBuildThisFileDirectory)core\threading\CParkingGate.hpp">
      <Filter>Core\include\threading</Filter>
    </ClInclude>
    <ClInclude Include="$(MSBuildThisFileDirectory)core\threading\CThreadControlState.hpp">
      <Filter>Core\include\threading</Filter>
    </ClInclude>
    <ClInclude Include="$(MSBuildThisFileDirectory)core\threading\CThreadPackage.hpp">
      <Filter>Core\include\threading</Filter>
    </ClInclude>
    <ClInclude Include="$(MSBuildThisFileDirectory)core\threading\CWaitPredicate.hpp">
      <Filter>Core\include\threading</Filter>
    </ClInclude>
    <ClInclude Include="$(MSBuildThisFileDirectory)core\threading\messages\byte_view_payloads.hpp">
      <Filter>Core\include\threading\messages</Filter>
    </ClInclude>
    <ClInclude Include="$(MSBuildThisFileDirectory)core\threading\messages\CErasedMessageTransports.hpp">
      <Filter>Core\include\threading\messages</Filter>
    </ClInclude>
    <ClInclude Include="$(MSBuildThisFileDirectory)core\threading\messages\CErasedOwnerMsg.hpp">
      <Filter>Core\include\threading\messages</Filter>
    </ClInclude>
    <ClInclude Include="$(MSBuildThisFileDirectory)core\threading\messages\CErasedPodMsg.hpp">
      <Filter>Core\include\threading\messages</Filter>
    </ClInclude>
    <ClInclude Include="$(MSBuildThisFileDirectory)core\threading\messages\messages.hpp">
      <Filter>Core\include\threading\messages</Filter>
    </ClInclude>
    <ClInclude Include="$(MSBuildThisFileDirectory)core\threading\messages\SErasedMsgHeader.hpp">
      <Filter>Core\include\threading\messages</Filter>
    </ClInclude>
    <ClInclude Include="$(MSBuildThisFileDirectory)core\threading\threading.hpp">
      <Filter>Core\include\threading</Filter>
    </ClInclude>
    <ClInclude Include="$(MSBuildThisFileDirectory)core\threading\transports\TBulkTransport.hpp">
      <Filter>Core\include\threading\transports</Filter>
    </ClInclude>
    <ClInclude Include="$(MSBuildThisFileDirectory)core\threading\transports\TMpmcTransport.hpp">
      <Filter>Core\include\threading\transports</Filter>
    </ClInclude>
    <ClInclude Include="$(MSBuildThisFileDirectory)core\threading\transports\TOwningTransport.hpp">
      <Filter>Core\include\threading\transports</Filter>
    </ClInclude>
    <ClInclude Include="$(MSBuildThisFileDirectory)core\threading\transports\TQueueTransport.hpp">
      <Filter>Core\include\threading\transports</Filter>
    </ClInclude>
    <ClInclude Include="$(MSBuildThisFileDirectory)core\threading\transports\transports.hpp">
      <Filter>Core\include\threading\transports</Filter>
    </ClInclude>
    <ClInclude Include="$(MSBuildThisFileDirectory)core\threading\transports\TRingTransport.hpp">
      <Filter>Core\include\threading\transports</Filter>
    </ClInclude>
    <ClInclude Include="$(MSBuildThisFileDirectory)core\text\text_linter.hpp">
      <Filter>Core\include\text</Filter>
    </ClInclude>
    <ClInclude Include="$(MSBuildThisFileDirectory)core\text\utf8_string.hpp">
      <Filter>Core\include\text</Filter>
    </ClInclude>
    <ClInclude Include="$(MSBuildThisFileDirectory)core\types\atomic_types.hpp">
      <Filter>Core\include\types</Filter>
    </ClInclude>
    <ClInclude Include="$(MSBuildThisFileDirectory)core\types\fp16data_t.hpp">
      <Filter>Core\include\types</Filter>
    </ClInclude>
  </ItemGroup>
  <ItemGroup>
    <ClCompile Include="$(MSBuildThisFileDirectory)core\debug\event_arguments.cpp">
      <Filter>Core\src\debug</Filter>
    </ClCompile>
    <ClCompile Include="$(MSBuildThisFileDirectory)core\debug\log_path.cpp">
      <Filter>Core\src\debug</Filter>
    </ClCompile>
    <ClCompile Include="$(MSBuildThisFileDirectory)core\debug\service.cpp">
      <Filter>Core\src\debug</Filter>
    </ClCompile>
    <ClCompile Include="$(MSBuildThisFileDirectory)core\image\codec\tga.cpp">
      <Filter>Core\src\image\codec</Filter>
    </ClCompile>
    <ClCompile Include="$(MSBuildThisFileDirectory)core\memory\memory_context.cpp">
      <Filter>Core\src\memory</Filter>
    </ClCompile>
    <ClCompile Include="$(MSBuildThisFileDirectory)core\module\bound_module.cpp">
      <Filter>Core\src\module</Filter>
    </ClCompile>
    <ClCompile Include="$(MSBuildThisFileDirectory)core\module\module_binding_context.cpp">
      <Filter>Core\src\module</Filter>
    </ClCompile>
    <ClCompile Include="$(MSBuildThisFileDirectory)core\platform\filesystem\file.cpp">
      <Filter>Core\src\platform\filesystem</Filter>
    </ClCompile>
    <ClCompile Include="$(MSBuildThisFileDirectory)core\platform\filesystem\internal\file_utils.cpp">
      <Filter>Core\src\platform\filesystem\internal</Filter>
    </ClCompile>
    <ClCompile Include="$(MSBuildThisFileDirectory)core\platform\filesystem\log.cpp">
      <Filter>Core\src\platform\filesystem</Filter>
    </ClCompile>
    <ClCompile Include="$(MSBuildThisFileDirectory)core\platform\module\binding.cpp">
      <Filter>Core\src\platform\module</Filter>
    </ClCompile>
    <ClCompile Include="$(MSBuildThisFileDirectory)core\platform\path\native_path.cpp">
      <Filter>Core\src\platform\path</Filter>
    </ClCompile>
    <ClCompile Include="$(MSBuildThisFileDirectory)core\platform\system\debugger.cpp">
      <Filter>Core\src\platform\system</Filter>
    </ClCompile>
    <ClCompile Include="$(MSBuildThisFileDirectory)core\platform\system\performance_counter.cpp">
      <Filter>Core\src\platform\system</Filter>
    </ClCompile>
    <ClCompile Include="$(MSBuildThisFileDirectory)core\platform\system\process_priority.cpp">
      <Filter>Core\src\platform\system</Filter>
    </ClCompile>
    <ClCompile Include="$(MSBuildThisFileDirectory)core\platform\system\process_id.cpp">
      <Filter>Core\src\platform\system</Filter>
    </ClCompile>
    <ClCompile Include="$(MSBuildThisFileDirectory)core\platform\threading\exclusive_lock.cpp">
      <Filter>Core\src\platform\threading</Filter>
    </ClCompile>
    <ClCompile Include="$(MSBuildThisFileDirectory)core\platform\threading\hw_thread_count.cpp">
      <Filter>Core\src\platform\threading</Filter>
    </ClCompile>
    <ClCompile Include="$(MSBuildThisFileDirectory)core\platform\threading\native_thread_id.cpp">
      <Filter>Core\src\platform\threading</Filter>
    </ClCompile>
    <ClCompile Include="$(MSBuildThisFileDirectory)core\platform\threading\processor_relax.cpp">
      <Filter>Core\src\platform\threading</Filter>
    </ClCompile>
    <ClCompile Include="$(MSBuildThisFileDirectory)core\platform\threading\thread_lifetime.cpp">
      <Filter>Core\src\platform\threading</Filter>
    </ClCompile>
    <ClCompile Include="$(MSBuildThisFileDirectory)core\platform\threading\thread_naming.cpp">
      <Filter>Core\src\platform\threading</Filter>
    </ClCompile>
    <ClCompile Include="$(MSBuildThisFileDirectory)core\platform\threading\thread_priority.cpp">
      <Filter>Core\src\platform\threading</Filter>
    </ClCompile>
    <ClCompile Include="$(MSBuildThisFileDirectory)core\platform\threading\wait_word_semaphore.cpp">
      <Filter>Core\src\platform\threading</Filter>
    </ClCompile>
    <ClCompile Include="$(MSBuildThisFileDirectory)core\platform\threading\wait_word.cpp">
      <Filter>Core\src\platform\threading</Filter>
    </ClCompile>
    <ClCompile Include="$(MSBuildThisFileDirectory)core\system\erased_owner_operations.cpp">
      <Filter>Core\src\system</Filter>
    </ClCompile>
    <ClCompile Include="$(MSBuildThisFileDirectory)core\system\erased_owner_transport.cpp">
      <Filter>Core\src\system</Filter>
    </ClCompile>
    <ClCompile Include="$(MSBuildThisFileDirectory)core\system\erased_owner.cpp">
      <Filter>Core\src\system</Filter>
    </ClCompile>
    <ClCompile Include="$(MSBuildThisFileDirectory)core\system\erased_transport_admission.cpp">
      <Filter>Core\src\system</Filter>
    </ClCompile>
    <ClCompile Include="$(MSBuildThisFileDirectory)core\system\local_type_registry.cpp">
      <Filter>Core\src\system</Filter>
    </ClCompile>
    <ClCompile Include="$(MSBuildThisFileDirectory)core\system\system_context.cpp">
      <Filter>Core\src\system</Filter>
    </ClCompile>
    <ClCompile Include="$(MSBuildThisFileDirectory)core\system\system_ids.cpp">
      <Filter>Core\src\system</Filter>
    </ClCompile>
    <ClCompile Include="$(MSBuildThisFileDirectory)core\threading\CCountingSemaphore.cpp">
      <Filter>Core\src\threading</Filter>
    </ClCompile>
    <ClCompile Include="$(MSBuildThisFileDirectory)core\threading\CParkingGate.cpp">
      <Filter>Core\src\threading</Filter>
    </ClCompile>
    <ClCompile Include="$(MSBuildThisFileDirectory)core\threading\CThreadPackage.cpp">
      <Filter>Core\src\threading</Filter>
    </ClCompile>
    <ClCompile Include="$(MSBuildThisFileDirectory)core\threading\CWaitPredicate.cpp">
      <Filter>Core\src\threading</Filter>
    </ClCompile>
    <ClCompile Include="$(MSBuildThisFileDirectory)core\threading\messages\CErasedOwnerMsgTransport.cpp">
      <Filter>Core\src\threading\messages</Filter>
    </ClCompile>
    <ClCompile Include="$(MSBuildThisFileDirectory)core\threading\messages\CErasedPodMsgTransport.cpp">
      <Filter>Core\src\threading\messages</Filter>
    </ClCompile>
    <ClCompile Include="$(MSBuildThisFileDirectory)core\text\text_linter.cpp">
      <Filter>Core\src\text</Filter>
    </ClCompile>
    <ClCompile Include="$(MSBuildThisFileDirectory)core\text\utf8_string.cpp">
      <Filter>Core\src\text</Filter>
    </ClCompile>
    <ClCompile Include="$(MSBuildThisFileDirectory)core\types\fp16data_t.cpp">
      <Filter>Core\src\types</Filter>
    </ClCompile>
  </ItemGroup>
  <ItemGroup>
    <None Include="$(MSBuildThisFileDirectory).gitignore">
      <Filter>Docs</Filter>
    </None>
    <None Include="$(MSBuildThisFileDirectory)docs\architecture\architectural-principles.md">
      <Filter>Docs\architecture</Filter>
    </None>
    <None Include="$(MSBuildThisFileDirectory)docs\backlog\current_scope_backlog.md">
      <Filter>Docs\backlog</Filter>
    </None>
    <None Include="$(MSBuildThisFileDirectory)docs\backlog\morphic_engine_interim_backlog.md">
      <Filter>Docs\backlog</Filter>
    </None>
    <None Include="$(MSBuildThisFileDirectory)docs\architecture\codebase-ethos-primer.md">
      <Filter>Docs\architecture</Filter>
    </None>
    <None Include="$(MSBuildThisFileDirectory)docs\architecture\codebase-model.md">
      <Filter>Docs\architecture</Filter>
    </None>
    <None Include="$(MSBuildThisFileDirectory)docs\containers\ByteBuffers.md">
      <Filter>Docs\containers</Filter>
    </None>
    <None Include="$(MSBuildThisFileDirectory)docs\containers\slots\TOrderedSlots.md">
      <Filter>Docs\containers\slots</Filter>
    </None>
    <None Include="$(MSBuildThisFileDirectory)docs\containers\slots\TUnorderedSlots.md">
      <Filter>Docs\containers\slots</Filter>
    </None>
    <None Include="$(MSBuildThisFileDirectory)docs\containers\StringBuffers.md">
      <Filter>Docs\containers</Filter>
    </None>
    <None Include="$(MSBuildThisFileDirectory)docs\containers\TOrderedCollection.md">
      <Filter>Docs\containers</Filter>
    </None>
    <None Include="$(MSBuildThisFileDirectory)docs\containers\TPodFifo.md">
      <Filter>Docs\containers</Filter>
    </None>
    <None Include="$(MSBuildThisFileDirectory)docs\containers\TPodVector.md">
      <Filter>Docs\containers</Filter>
    </None>
    <None Include="$(MSBuildThisFileDirectory)docs\containers\TUnorderedCollection.md">
      <Filter>Docs\containers</Filter>
    </None>
    <None Include="$(MSBuildThisFileDirectory)docs\debug\debug_service_substrate.md">
      <Filter>Docs\debug</Filter>
    </None>
    <None Include="$(MSBuildThisFileDirectory)docs\debug\debug_system_audit.md">
      <Filter>Docs\debug</Filter>
    </None>
    <None Include="$(MSBuildThisFileDirectory)docs\debug\debug_system_interface.md">
      <Filter>Docs\debug</Filter>
    </None>
    <None Include="$(MSBuildThisFileDirectory)docs\architecture\engineering-aphorisms.md">
      <Filter>Docs\architecture</Filter>
    </None>
    <None Include="$(MSBuildThisFileDirectory)docs\architecture\engineering-principles.md">
      <Filter>Docs\architecture</Filter>
    </None>
    <None Include="$(MSBuildThisFileDirectory)docs\memory\memory_subsystem.md">
      <Filter>Docs\memory</Filter>
    </None>
    <None Include="$(MSBuildThisFileDirectory)docs\architecture\origins.md">
      <Filter>Docs\architecture</Filter>
    </None>
    <None Include="$(MSBuildThisFileDirectory)docs\project\attribution_policy.md">
      <Filter>Docs\project</Filter>
    </None>
    <None Include="$(MSBuildThisFileDirectory)docs\project\completed_milestones.md">
      <Filter>Docs\project</Filter>
    </None>
    <None Include="$(MSBuildThisFileDirectory)docs\project\future_work_notes.md">
      <Filter>Docs\project</Filter>
    </None>
    <None Include="$(MSBuildThisFileDirectory)docs\system\erased_owner.md">
      <Filter>Docs\system</Filter>
    </None>
    <None Include="$(MSBuildThisFileDirectory)docs\system\module_bootstrap.md">
      <Filter>Docs\system</Filter>
    </None>
    <None Include="$(MSBuildThisFileDirectory)docs\system\type_identity.md">
      <Filter>Docs\system</Filter>
    </None>
    <None Include="$(MSBuildThisFileDirectory)docs\threading\job_framework_milestone.md">
      <Filter>Docs\threading</Filter>
    </None>
    <None Include="$(MSBuildThisFileDirectory)docs\threading\transports\TMpmcTransport.md">
      <Filter>Docs\threading\transports</Filter>
    </None>
    <None Include="$(MSBuildThisFileDirectory)docs\threading\transports\TOwningTransport.md">
      <Filter>Docs\threading\transports</Filter>
    </None>
    <None Include="$(MSBuildThisFileDirectory)docs\threading\transports\TQueueTransport.md">
      <Filter>Docs\threading\transports</Filter>
    </None>
    <None Include="$(MSBuildThisFileDirectory)docs\threading\transports\TRingTransport.md">
      <Filter>Docs\threading\transports</Filter>
    </None>
    <None Include="$(MSBuildThisFileDirectory)logs\.gitkeep">
      <Filter>Logs</Filter>
    </None>
    <None Include="$(MSBuildThisFileDirectory)README.md">
      <Filter>Docs</Filter>
    </None>
    <None Include="$(MSBuildThisFileDirectory)docs\backlog\revised_data_model.md">
      <Filter>Docs\backlog</Filter>
    </None>
  </ItemGroup>
  <ItemGroup>
    <Text Include="LICENSE.txt">
      <Filter>Docs</Filter>
    </Text>
  </ItemGroup>
</Project>