<?xml version="1.0" encoding="utf-8"?>
<Project ToolsVersion="4.0" xmlns="http://schemas.microsoft.com/developer/msbuild/2003">
  <ItemGroup>
    <Filter Include="Tests"><UniqueIdentifier>{f5c71c93-b719-4de9-8234-df9b57175b35}</UniqueIdentifier></Filter>
    <Filter Include="Tests\main"><UniqueIdentifier>{d59f530a-0a27-4aa6-991e-efbb37ac50c8}</UniqueIdentifier></Filter>
    <Filter Include="Tests\test_suites"><UniqueIdentifier>{3b27507b-0046-4db1-85f2-025c9eb4a6f0}</UniqueIdentifier></Filter>
    <Filter Include="Tests\environment"><UniqueIdentifier>{f63a5bb4-c43f-4921-820e-a4c0f98ce129}</UniqueIdentifier></Filter>
    <Filter Include="Tests\manual"><UniqueIdentifier>{a58b7a19-8fd4-43ee-acf5-a8bbce524749}</UniqueIdentifier></Filter>
    <Filter Include="Tests\support"><UniqueIdentifier>{8fc5b142-bef0-4591-95c7-1346641b7f42}</UniqueIdentifier></Filter>
    <Filter Include="Tests\data"><UniqueIdentifier>{f3813863-bf02-42ac-81e3-0dfc1da81361}</UniqueIdentifier></Filter>
    <Filter Include="Tests\data\input"><UniqueIdentifier>{b91ed66c-b0fc-491d-a21f-ee5c4d7bfd65}</UniqueIdentifier></Filter>
    <Filter Include="Tests\data\input\files"><UniqueIdentifier>{bb41d6b0-ae7d-4979-a125-bba64f88e42e}</UniqueIdentifier></Filter>
    <Filter Include="Tests\data\output"><UniqueIdentifier>{bd1ef49d-c90c-43c8-b03c-c6e1437f17f5}</UniqueIdentifier></Filter>
    <Filter Include="Tests\data\output\files"><UniqueIdentifier>{41e4d2de-2ff0-4dd6-b950-4108977ff919}</UniqueIdentifier></Filter>
    <Filter Include="Tests\data\output\logs"><UniqueIdentifier>{dddf1aa1-d222-475e-99c1-41efbd8b035b}</UniqueIdentifier></Filter>
  </ItemGroup>
  <ItemGroup>
    <ClCompile Include="tests\main\MorphicTests.cpp"><Filter>Tests\main</Filter></ClCompile>
    <ClCompile Include="tests\environment\local_type_ids.cpp"><Filter>Tests\environment</Filter></ClCompile>
    <ClCompile Include="tests\environment\test_environment.cpp"><Filter>Tests\environment</Filter></ClCompile>
    <ClCompile Include="tests\environment\test_paths.cpp"><Filter>Tests\environment</Filter></ClCompile>
    <ClCompile Include="tests\environment\test_system_registry.cpp"><Filter>Tests\environment</Filter></ClCompile>
    <ClCompile Include="tests\manual\tga_round_trip.cpp"><Filter>Tests\manual</Filter></ClCompile>
    <ClCompile Include="tests\support\file_helpers.cpp"><Filter>Tests\support</Filter></ClCompile>
    <ClCompile Include="tests\support\test_allocator.cpp"><Filter>Tests\support</Filter></ClCompile>
    <ClCompile Include="tests\test_suites\AssetRepository_test_suite.cpp"><Filter>Tests\test_suites</Filter></ClCompile>
    <ClCompile Include="tests\test_suites\AsyncState_test_suite.cpp"><Filter>Tests\test_suites</Filter></ClCompile>
    <ClCompile Include="tests\test_suites\BakedDocumentBuilder_test_suite.cpp"><Filter>Tests\test_suites</Filter></ClCompile>
    <ClCompile Include="tests\test_suites\ByteBuffers_test_suite.cpp"><Filter>Tests\test_suites</Filter></ClCompile>
    <ClCompile Include="tests\test_suites\CMemoryToken_test_suite.cpp"><Filter>Tests\test_suites</Filter></ClCompile>
    <ClCompile Include="tests\test_suites\CMemoryView_test_suite.cpp"><Filter>Tests\test_suites</Filter></ClCompile>
    <ClCompile Include="tests\test_suites\DebugService_test_suite.cpp"><Filter>Tests\test_suites</Filter></ClCompile>
    <ClCompile Include="tests\test_suites\ErasedOwner_test_suite.cpp"><Filter>Tests\test_suites</Filter></ClCompile>
    <ClCompile Include="tests\test_suites\ErasedPod_test_suite.cpp"><Filter>Tests\test_suites</Filter></ClCompile>
    <ClCompile Include="tests\test_suites\LiveDocument_test_suite.cpp"><Filter>Tests\test_suites</Filter></ClCompile>
    <ClCompile Include="tests\main\run_tests.cpp"><Filter>Tests\main</Filter></ClCompile>
    <ClCompile Include="tests\test_suites\StringBuffers_test_suite.cpp"><Filter>Tests\test_suites</Filter></ClCompile>
    <ClCompile Include="tests\test_suites\SystemTypeIdentity_test_suite.cpp"><Filter>Tests\test_suites</Filter></ClCompile>
    <ClCompile Include="tests\test_suites\TInstance_test_suite.cpp"><Filter>Tests\test_suites</Filter></ClCompile>
    <ClCompile Include="tests\test_suites\TMpmcTransport_test_suite.cpp"><Filter>Tests\test_suites</Filter></ClCompile>
    <ClCompile Include="tests\test_suites\TOrderedCollection_test_suite.cpp"><Filter>Tests\test_suites</Filter></ClCompile>
    <ClCompile Include="tests\test_suites\TOrderedSlots_test_harness.cpp"><Filter>Tests\test_suites</Filter></ClCompile>
    <ClCompile Include="tests\test_suites\TOwningTransport_test_suite.cpp"><Filter>Tests\test_suites</Filter></ClCompile>
    <ClCompile Include="tests\test_suites\TPodFifo_test_suite.cpp"><Filter>Tests\test_suites</Filter></ClCompile>
    <ClCompile Include="tests\test_suites\TPodVector_test_suite.cpp"><Filter>Tests\test_suites</Filter></ClCompile>
    <ClCompile Include="tests\test_suites\TQueueTransport_test_suite.cpp"><Filter>Tests\test_suites</Filter></ClCompile>
    <ClCompile Include="tests\test_suites\TRingTransport_test_suite.cpp"><Filter>Tests\test_suites</Filter></ClCompile>
    <ClCompile Include="tests\test_suites\TUnorderedCollection_test_suite.cpp"><Filter>Tests\test_suites</Filter></ClCompile>
    <ClCompile Include="tests\test_suites\TUnorderedSlots_test_harness.cpp"><Filter>Tests\test_suites</Filter></ClCompile>
    <ClCompile Include="tests\test_suites\JsonWriter_test_suite.cpp"><Filter>Tests\test_suites</Filter></ClCompile>
    <ClCompile Include="tests\test_suites\TextLinter_test_suite.cpp"><Filter>Tests\test_suites</Filter></ClCompile>
  </ItemGroup>
  <ItemGroup>
    <ClInclude Include="tests\environment\erased_owner_payloads.def"><Filter>Tests\environment</Filter></ClInclude>
    <ClInclude Include="tests\environment\local_type_ids.def"><Filter>Tests\environment</Filter></ClInclude>
    <ClInclude Include="tests\environment\local_type_ids.hpp"><Filter>Tests\environment</Filter></ClInclude>
    <ClInclude Include="tests\environment\local_types.hpp"><Filter>Tests\environment</Filter></ClInclude>
    <ClInclude Include="tests\environment\test_environment.hpp"><Filter>Tests\environment</Filter></ClInclude>
    <ClInclude Include="tests\environment\test_paths.hpp"><Filter>Tests\environment</Filter></ClInclude>
    <ClInclude Include="tests\support\file_helpers.hpp"><Filter>Tests\support</Filter></ClInclude>
    <ClInclude Include="tests\support\test_allocator.hpp"><Filter>Tests\support</Filter></ClInclude>
    <ClInclude Include="tests\support\test_context.hpp"><Filter>Tests\support</Filter></ClInclude>
    <ClInclude Include="tests\support\test_scopes.hpp"><Filter>Tests\support</Filter></ClInclude>
    <ClInclude Include="tests\test_suites\AssetRepository_test_suite.hpp"><Filter>Tests\test_suites</Filter></ClInclude>
    <ClInclude Include="tests\test_suites\AsyncState_test_suite.hpp"><Filter>Tests\test_suites</Filter></ClInclude>
    <ClInclude Include="tests\test_suites\BakedDocumentBuilder_test_suite.hpp"><Filter>Tests\test_suites</Filter></ClInclude>
    <ClInclude Include="tests\test_suites\ByteBuffers_test_suite.hpp"><Filter>Tests\test_suites</Filter></ClInclude>
    <ClInclude Include="tests\test_suites\CMemoryToken_test_suite.hpp"><Filter>Tests\test_suites</Filter></ClInclude>
    <ClInclude Include="tests\test_suites\CMemoryView_test_suite.hpp"><Filter>Tests\test_suites</Filter></ClInclude>
    <ClInclude Include="tests\test_suites\DebugService_test_suite.hpp"><Filter>Tests\test_suites</Filter></ClInclude>
    <ClInclude Include="tests\test_suites\ErasedOwner_test_suite.hpp"><Filter>Tests\test_suites</Filter></ClInclude>
    <ClInclude Include="tests\test_suites\ErasedPod_test_suite.hpp"><Filter>Tests\test_suites</Filter></ClInclude>
    <ClInclude Include="tests\test_suites\LiveDocument_test_suite.hpp"><Filter>Tests\test_suites</Filter></ClInclude>
    <ClInclude Include="tests\main\run_tests.hpp"><Filter>Tests\main</Filter></ClInclude>
    <ClInclude Include="tests\test_suites\StringBuffers_test_suite.hpp"><Filter>Tests\test_suites</Filter></ClInclude>
    <ClInclude Include="tests\test_suites\SystemTypeIdentity_test_suite.hpp"><Filter>Tests\test_suites</Filter></ClInclude>
    <ClInclude Include="tests\test_suites\TInstance_test_suite.hpp"><Filter>Tests\test_suites</Filter></ClInclude>
    <ClInclude Include="tests\test_suites\TMpmcTransport_test_suite.hpp"><Filter>Tests\test_suites</Filter></ClInclude>
    <ClInclude Include="tests\test_suites\TOrderedCollection_test_suite.hpp"><Filter>Tests\test_suites</Filter></ClInclude>
    <ClInclude Include="tests\test_suites\TOrderedSlots_test_harness.hpp"><Filter>Tests\test_suites</Filter></ClInclude>
    <ClInclude Include="tests\test_suites\TOwningTransport_test_suite.hpp"><Filter>Tests\test_suites</Filter></ClInclude>
    <ClInclude Include="tests\test_suites\TPodFifo_test_suite.hpp"><Filter>Tests\test_suites</Filter></ClInclude>
    <ClInclude Include="tests\test_suites\TPodVector_test_suite.hpp"><Filter>Tests\test_suites</Filter></ClInclude>
    <ClInclude Include="tests\test_suites\TQueueTransport_test_suite.hpp"><Filter>Tests\test_suites</Filter></ClInclude>
    <ClInclude Include="tests\test_suites\TRingTransport_test_suite.hpp"><Filter>Tests\test_suites</Filter></ClInclude>
    <ClInclude Include="tests\test_suites\TUnorderedCollection_test_suite.hpp"><Filter>Tests\test_suites</Filter></ClInclude>
    <ClInclude Include="tests\test_suites\TUnorderedSlots_test_harness.hpp"><Filter>Tests\test_suites</Filter></ClInclude>
    <ClInclude Include="tests\test_suites\JsonWriter_test_suite.hpp"><Filter>Tests\test_suites</Filter></ClInclude>
    <ClInclude Include="tests\test_suites\TextLinter_test_suite.hpp"><Filter>Tests\test_suites</Filter></ClInclude>
  </ItemGroup>
  <ItemGroup>
    <None Include="tests\data\input\files\test_input.tga"><Filter>Tests\data\input\files</Filter></None>
    <None Include="tests\data\output\files\.gitkeep"><Filter>Tests\data\output\files</Filter></None>
    <None Include="tests\data\output\logs\.gitkeep"><Filter>Tests\data\output\logs</Filter></None>
  </ItemGroup>
</Project>
