<?xml version="1.0" encoding="utf-8"?>
<Project ToolsVersion="4.0" xmlns="http://schemas.microsoft.com/developer/msbuild/2003">
  <ItemGroup>
    <Filter Include="Rendering"><UniqueIdentifier>{3dba8092-f5e0-408c-a343-374823c92be9}</UniqueIdentifier></Filter>
    <Filter Include="Rendering\include"><UniqueIdentifier>{f2805def-7c5e-4d64-a143-a156d65a0fd5}</UniqueIdentifier></Filter>
    <Filter Include="Rendering\include\module"><UniqueIdentifier>{13e342ba-1857-4f79-864b-beeb9e8355d4}</UniqueIdentifier></Filter>
    <Filter Include="Rendering\include\module\binding"><UniqueIdentifier>{e3f58065-f03a-43bd-adbb-58d24ba2ddc2}</UniqueIdentifier></Filter>
    <Filter Include="Rendering\include\module\types"><UniqueIdentifier>{c6587a47-c2b3-4424-88d3-8f32c2556a83}</UniqueIdentifier></Filter>
    <Filter Include="Rendering\include\runtime"><UniqueIdentifier>{48aab50b-ebbb-4290-b9eb-4f76a1c8ca27}</UniqueIdentifier></Filter>
    <Filter Include="Rendering\src"><UniqueIdentifier>{e1d67a2e-5792-45db-8309-077193253562}</UniqueIdentifier></Filter>
    <Filter Include="Rendering\src\module"><UniqueIdentifier>{d9adb579-60e3-4f99-b4d5-4ef54f36564b}</UniqueIdentifier></Filter>
    <Filter Include="Rendering\src\module\binding"><UniqueIdentifier>{3f4960a4-cd6a-41f2-aa49-22849b3223b8}</UniqueIdentifier></Filter>
    <Filter Include="Rendering\src\module\types"><UniqueIdentifier>{f01fbee1-46d6-4c27-89af-750abac0f286}</UniqueIdentifier></Filter>
    <Filter Include="Rendering\src\runtime"><UniqueIdentifier>{fdf22805-900c-42b1-983c-a0eed76326dd}</UniqueIdentifier></Filter>
    <Filter Include="Basis Universal"><UniqueIdentifier>{2d65f09a-ec12-41c2-93db-dad0abf5d715}</UniqueIdentifier></Filter>
  </ItemGroup>
  <ItemGroup>
    <ClInclude Include="..\rendering\module\binding\rendering_binding.hpp"><Filter>Rendering\include\module\binding</Filter></ClInclude>
    <ClInclude Include="..\rendering\module\types\erased_owner_payloads.def"><Filter>Rendering\include\module\types</Filter></ClInclude>
    <ClInclude Include="..\rendering\module\types\local_type_ids.def"><Filter>Rendering\include\module\types</Filter></ClInclude>
    <ClInclude Include="..\rendering\module\types\local_type_ids.hpp"><Filter>Rendering\include\module\types</Filter></ClInclude>
    <ClInclude Include="..\rendering\module\types\local_types.hpp"><Filter>Rendering\include\module\types</Filter></ClInclude>
    <ClInclude Include="..\rendering\runtime\rendering_thread.hpp"><Filter>Rendering\include\runtime</Filter></ClInclude>
    <ClInclude Include="..\rendering\runtime\basis_codec.hpp"><Filter>Rendering\include\runtime</Filter></ClInclude>
  </ItemGroup>
  <ItemGroup>
    <ClCompile Include="..\rendering\module\binding\rendering_binding.cpp"><Filter>Rendering\src\module\binding</Filter></ClCompile>
    <ClCompile Include="..\rendering\module\types\local_type_ids.cpp"><Filter>Rendering\src\module\types</Filter></ClCompile>
    <ClCompile Include="..\rendering\runtime\rendering_thread.cpp"><Filter>Rendering\src\runtime</Filter></ClCompile>
    <ClCompile Include="..\rendering\runtime\basis_codec.cpp"><Filter>Rendering\src\runtime</Filter></ClCompile>
    <ClCompile Include="..\external\basis_universal\encoder\3rdparty\android_astc_decomp.cpp"><Filter>Basis Universal</Filter></ClCompile>
    <ClCompile Include="..\external\basis_universal\encoder\basisu_astc_hdr_6x6_enc.cpp"><Filter>Basis Universal</Filter></ClCompile>
    <ClCompile Include="..\external\basis_universal\encoder\basisu_astc_hdr_common.cpp"><Filter>Basis Universal</Filter></ClCompile>
    <ClCompile Include="..\external\basis_universal\encoder\basisu_astc_ldr_common.cpp"><Filter>Basis Universal</Filter></ClCompile>
    <ClCompile Include="..\external\basis_universal\encoder\basisu_astc_ldr_encode.cpp"><Filter>Basis Universal</Filter></ClCompile>
    <ClCompile Include="..\external\basis_universal\encoder\basisu_xbc7_encode.cpp"><Filter>Basis Universal</Filter></ClCompile>
    <ClCompile Include="..\external\basis_universal\encoder\basisu_astc_ldr_fencode.cpp"><Filter>Basis Universal</Filter></ClCompile>
    <ClCompile Include="..\external\basis_universal\encoder\basisu_tinyexr.cpp"><Filter>Basis Universal</Filter></ClCompile>
    <ClCompile Include="..\external\basis_universal\encoder\basisu_uastc_hdr_4x4_enc.cpp"><Filter>Basis Universal</Filter></ClCompile>
    <ClCompile Include="..\external\basis_universal\encoder\basisu_backend.cpp"><Filter>Basis Universal</Filter></ClCompile>
    <ClCompile Include="..\external\basis_universal\encoder\basisu_basis_file.cpp"><Filter>Basis Universal</Filter></ClCompile>
    <ClCompile Include="..\external\basis_universal\encoder\basisu_bc7enc.cpp"><Filter>Basis Universal</Filter></ClCompile>
    <ClCompile Include="..\external\basis_universal\encoder\basisu_comp.cpp"><Filter>Basis Universal</Filter></ClCompile>
    <ClCompile Include="..\external\basis_universal\encoder\basisu_bc15_spmd.cpp"><Filter>Basis Universal</Filter></ClCompile>
    <ClCompile Include="..\external\basis_universal\encoder\basisu_bc15_spmd_sse.cpp"><Filter>Basis Universal</Filter></ClCompile>
    <ClCompile Include="..\external\basis_universal\encoder\basisu_enc.cpp"><Filter>Basis Universal</Filter></ClCompile>
    <ClCompile Include="..\external\basis_universal\encoder\basisu_etc.cpp"><Filter>Basis Universal</Filter></ClCompile>
    <ClCompile Include="..\external\basis_universal\encoder\basisu_frontend.cpp"><Filter>Basis Universal</Filter></ClCompile>
    <ClCompile Include="..\external\basis_universal\encoder\basisu_gpu_texture.cpp"><Filter>Basis Universal</Filter></ClCompile>
    <ClCompile Include="..\external\basis_universal\encoder\basisu_kernels_sse.cpp"><Filter>Basis Universal</Filter></ClCompile>
    <ClCompile Include="..\external\basis_universal\encoder\basisu_opencl.cpp"><Filter>Basis Universal</Filter></ClCompile>
    <ClCompile Include="..\external\basis_universal\encoder\basisu_pvrtc1_4.cpp"><Filter>Basis Universal</Filter></ClCompile>
    <ClCompile Include="..\external\basis_universal\encoder\basisu_resampler.cpp"><Filter>Basis Universal</Filter></ClCompile>
    <ClCompile Include="..\external\basis_universal\encoder\basisu_resample_filters.cpp"><Filter>Basis Universal</Filter></ClCompile>
    <ClCompile Include="..\external\basis_universal\encoder\basisu_ssim.cpp"><Filter>Basis Universal</Filter></ClCompile>
    <ClCompile Include="..\external\basis_universal\encoder\basisu_uastc_enc.cpp"><Filter>Basis Universal</Filter></ClCompile>
    <ClCompile Include="..\external\basis_universal\encoder\basisu_bc7e_scalar.cpp"><Filter>Basis Universal</Filter></ClCompile>
    <ClCompile Include="..\external\basis_universal\encoder\basisu_dds_export.cpp"><Filter>Basis Universal</Filter></ClCompile>
    <ClCompile Include="..\external\basis_universal\encoder\jpgd.cpp"><Filter>Basis Universal</Filter></ClCompile>
    <ClCompile Include="..\external\basis_universal\encoder\pvpngreader.cpp"><Filter>Basis Universal</Filter></ClCompile>
    <ClCompile Include="..\external\basis_universal\transcoder\basisu_transcoder.cpp"><Filter>Basis Universal</Filter></ClCompile>
    <ClCompile Include="..\external\basis_universal\zstd\zstd.c"><Filter>Basis Universal</Filter></ClCompile>
  </ItemGroup>
</Project>
